
Microsoft Visual Studio Solution File, Format Version 12.00
# Visual Studio Version 17
VisualStudioVersion = 17.4.33213.308
MinimumVisualStudioVersion = 10.0.40219.1
Project("{FAE04EC0-301F-11D3-BF4B-00C04F79EFBC}") = "EcoleIt.ToDoApp.Gui", "EcoleIt.ToDoApp.Gui\EcoleIt.ToDoApp.Gui.csproj", "{28E6F333-4278-4DA4-B5A9-49E621581DAA}"
EndProject
Global
	GlobalSection(SolutionConfigurationPlatforms) = preSolution
		Debug|Any CPU = Debug|Any CPU
		Release|Any CPU = Release|Any CPU
	EndGlobalSection
	GlobalSection(ProjectConfigurationPlatforms) = postSolution
		{28E6F333-4278-4DA4-B5A9-49E621581DAA}.Debug|Any CPU.ActiveCfg = Debug|Any CPU
		{28E6F333-4278-4DA4-B5A9-49E621581DAA}.Debug|Any CPU.Build.0 = Debug|Any CPU
		{28E6F333-4278-4DA4-B5A9-49E621581DAA}.Release|Any CPU.ActiveCfg = Release|Any CPU
		{28E6F333-4278-4DA4-B5A9-49E621581DAA}.Release|Any CPU.Build.0 = Release|Any CPU
	EndGlobalSection
	GlobalSection(SolutionProperties) = preSolution
		HideSolutionNode = FALSE
	EndGlobalSection
	GlobalSection(ExtensibilityGlobals) = postSolution
		SolutionGuid = {DCDED76B-7F71-4523-83C4-F565A20B38D0}
	EndGlobalSection
EndGlobal
